
Microsoft Visual Studio Solution File, Format Version 12.00
# Visual Studio Version 17
VisualStudioVersion = 17.8.34330.188
MinimumVisualStudioVersion = 10.0.40219.1
Project("{FAE04EC0-301F-11D3-BF4B-00C04F79EFBC}") = "FastReportDemo1", "FastReport\FastReportDemo1.csproj", "{5E2906D4-8B36-46E8-AFD9-91A50A005D5B}"
EndProject
Global
	GlobalSection(SolutionConfigurationPlatforms) = preSolution
		Debug|Any CPU = Debug|Any CPU
		Release|Any CPU = Release|Any CPU
	EndGlobalSection
	GlobalSection(ProjectConfigurationPlatforms) = postSolution
		{5E2906D4-8B36-46E8-AFD9-91A50A005D5B}.Debug|Any CPU.ActiveCfg = Debug|Any CPU
		{5E2906D4-8B36-46E8-AFD9-91A50A005D5B}.Debug|Any CPU.Build.0 = Debug|Any CPU
		{5E2906D4-8B36-46E8-AFD9-91A50A005D5B}.Release|Any CPU.ActiveCfg = Release|Any CPU
		{5E2906D4-8B36-46E8-AFD9-91A50A005D5B}.Release|Any CPU.Build.0 = Release|Any CPU
	EndGlobalSection
	GlobalSection(SolutionProperties) = preSolution
		HideSolutionNode = FALSE
	EndGlobalSection
	GlobalSection(ExtensibilityGlobals) = postSolution
		SolutionGuid = {7FD96257-1C8F-4B10-B1B7-6BDE0C0480BB}
	EndGlobalSection
EndGlobal
